// !$*UTF8*$!
{
	archiveVersion = 1;
	classes = {
	};
	objectVersion = 50;
	objects = {

/* Begin PBXBuildFile section */
		7D6C3952262890E300AD5A8A /* AppDelegate.swift in Sources */ = {isa = PBXBuildFile; fileRef = 7D6C3951262890E300AD5A8A /* AppDelegate.swift */; };
		7D6C3956262890E300AD5A8A /* ViewController.swift in Sources */ = {isa = PBXBuildFile; fileRef = 7D6C3955262890E300AD5A8A /* ViewController.swift */; };
		7D6C3959262890E300AD5A8A /* Main.storyboard in Resources */ = {isa = PBXBuildFile; fileRef = 7D6C3957262890E300AD5A8A /* Main.storyboard */; };
		7D6C395B262890EB00AD5A8A /* Assets.xcassets in Resources */ = {isa = PBXBuildFile; fileRef = 7D6C395A262890EB00AD5A8A /* Assets.xcassets */; };
		7D6C395E262890EB00AD5A8A /* LaunchScreen.storyboard in Resources */ = {isa = PBXBuildFile; fileRef = 7D6C395C262890EB00AD5A8A /* LaunchScreen.storyboard */; };
		7D6C396E262892E500AD5A8A /* KeyboardObserver.swift in Sources */ = {isa = PBXBuildFile; fileRef = 7D6C396D262892E500AD5A8A /* KeyboardObserver.swift */; };
		7D6C397226289B1F00AD5A8A /* KeyboardHelper.swift in Sources */ = {isa = PBXBuildFile; fileRef = 7D6C397126289B1F00AD5A8A /* KeyboardHelper.swift */; };
/* End PBXBuildFile section */

/* Begin PBXFileReference section */
		7D6C394E262890E300AD5A8A /* InxKit.app */ = {isa = PBXFileReference; explicitFileType = wrapper.application; includeInIndex = 0; path = InxKit.app; sourceTree = BUILT_PRODUCTS_DIR; };
		7D6C3951262890E300AD5A8A /* AppDelegate.swift */ = {isa = PBXFileReference; lastKnownFileType = sourcecode.swift; path = AppDelegate.swift; sourceTree = "<group>"; };
		7D6C3955262890E300AD5A8A /* ViewController.swift */ = {isa = PBXFileReference; lastKnownFileType = sourcecode.swift; path = ViewController.swift; sourceTree = "<group>"; };
		7D6C3958262890E300AD5A8A /* Base */ = {isa = PBXFileReference; lastKnownFileType = file.storyboard; name = Base; path = Base.lproj/Main.storyboard; sourceTree = "<group>"; };
		7D6C395A262890EB00AD5A8A /* Assets.xcassets */ = {isa = PBXFileReference; lastKnownFileType = folder.assetcatalog; path = Assets.xcassets; sourceTree = "<group>"; };
		7D6C395D262890EB00AD5A8A /* Base */ = {isa = PBXFileReference; lastKnownFileType = file.storyboard; name = Base; path = Base.lproj/LaunchScreen.storyboard; sourceTree = "<group>"; };
		7D6C395F262890EB00AD5A8A /* Info.plist */ = {isa = PBXFileReference; lastKnownFileType = text.plist.xml; path = Info.plist; sourceTree = "<group>"; };
		7D6C396D262892E500AD5A8A /* KeyboardObserver.swift */ = {isa = PBXFileReference; lastKnownFileType = sourcecode.swift; path = KeyboardObserver.swift; sourceTree = "<group>"; };
		7D6C397126289B1F00AD5A8A /* KeyboardHelper.swift */ = {isa = PBXFileReference; lastKnownFileType = sourcecode.swift; path = KeyboardHelper.swift; sourceTree = "<group>"; };
/* End PBXFileReference section */

/* Begin PBXFrameworksBuildPhase section */
		7D6C394B262890E300AD5A8A /* Frameworks */ = {
			isa = PBXFrameworksBuildPhase;
			buildActionMask = 2147483647;
			files = (
			);
			runOnlyForDeploymentPostprocessing = 0;
		};
/* End PBXFrameworksBuildPhase section */

/* Begin PBXGroup section */
		7D6C3945262890E300AD5A8A = {
			isa = PBXGroup;
			children = (
				7D6C3950262890E300AD5A8A /* InxKit */,
				7D6C394F262890E300AD5A8A /* Products */,
			);
			sourceTree = "<group>";
		};
		7D6C394F262890E300AD5A8A /* Products */ = {
			isa = PBXGroup;
			children = (
				7D6C394E262890E300AD5A8A /* InxKit.app */,
			);
			name = Products;
			sourceTree = "<group>";
		};
		7D6C3950262890E300AD5A8A /* InxKit */ = {
			isa = PBXGroup;
			children = (
				7D6C396B2628926C00AD5A8A /* Componets */,
				7D6C3951262890E300AD5A8A /* AppDelegate.swift */,
				7D6C3955262890E300AD5A8A /* ViewController.swift */,
				7D6C3957262890E300AD5A8A /* Main.storyboard */,
				7D6C395A262890EB00AD5A8A /* Assets.xcassets */,
				7D6C395C262890EB00AD5A8A /* LaunchScreen.storyboard */,
				7D6C395F262890EB00AD5A8A /* Info.plist */,
			);
			path = InxKit;
			sourceTree = "<group>";
		};
		7D6C396B2628926C00AD5A8A /* Componets */ = {
			isa = PBXGroup;
			children = (
				7D6C396C2628926C00AD5A8A /* Keyboard */,
			);
			path = Componets;
			sourceTree = "<group>";
		};
		7D6C396C2628926C00AD5A8A /* Keyboard */ = {
			isa = PBXGroup;
			children = (
				7D6C396D262892E500AD5A8A /* KeyboardObserver.swift */,
				7D6C397126289B1F00AD5A8A /* KeyboardHelper.swift */,
			);
			path = Keyboard;
			sourceTree = "<group>";
		};
/* End PBXGroup section */

/* Begin PBXNativeTarget section */
		7D6C394D262890E300AD5A8A /* InxKit */ = {
			isa = PBXNativeTarget;
			buildConfigurationList = 7D6C3962262890EB00AD5A8A /* Build configuration list for PBXNativeTarget "InxKit" */;
			buildPhases = (
				7D6C394A262890E300AD5A8A /* Sources */,
				7D6C394B262890E300AD5A8A /* Frameworks */,
				7D6C394C262890E300AD5A8A /* Resources */,
			);
			buildRules = (
			);
			dependencies = (
			);
			name = InxKit;
			productName = InxKit;
			productReference = 7D6C394E262890E300AD5A8A /* InxKit.app */;
			productType = "com.apple.product-type.application";
		};
/* End PBXNativeTarget section */

/* Begin PBXProject section */
		7D6C3946262890E300AD5A8A /* Project object */ = {
			isa = PBXProject;
			attributes = {
				LastSwiftUpdateCheck = 1240;
				LastUpgradeCheck = 1240;
				TargetAttributes = {
					7D6C394D262890E300AD5A8A = {
						CreatedOnToolsVersion = 12.4;
					};
				};
			};
			buildConfigurationList = 7D6C3949262890E300AD5A8A /* Build configuration list for PBXProject "InxKit" */;
			compatibilityVersion = "Xcode 9.3";
			developmentRegion = en;
			hasScannedForEncodings = 0;
			knownRegions = (
				en,
				Base,
			);
			mainGroup = 7D6C3945262890E300AD5A8A;
			productRefGroup = 7D6C394F262890E300AD5A8A /* Products */;
			projectDirPath = "";
			projectRoot = "";
			targets = (
				7D6C394D262890E300AD5A8A /* InxKit */,
			);
		};
/* End PBXProject section */

/* Begin PBXResourcesBuildPhase section */
		7D6C394C262890E300AD5A8A /* Resources */ = {
			isa = PBXResourcesBuildPhase;
			buildActionMask = 2147483647;
			files = (
				7D6C395E262890EB00AD5A8A /* LaunchScreen.storyboard in Resources */,
				7D6C395B262890EB00AD5A8A /* Assets.xcassets in Resources */,
				7D6C3959262890E300AD5A8A /* Main.storyboard in Resources */,
			);
			runOnlyForDeploymentPostprocessing = 0;
		};
/* End PBXResourcesBuildPhase section */

/* Begin PBXSourcesBuildPhase section */
		7D6C394A262890E300AD5A8A /* Sources */ = {
			isa = PBXSourcesBuildPhase;
			buildActionMask = 2147483647;
			files = (
				7D6C397226289B1F00AD5A8A /* KeyboardHelper.swift in Sources */,
				7D6C3956262890E300AD5A8A /* ViewController.swift in Sources */,
				7D6C396E262892E500AD5A8A /* KeyboardObserver.swift in Sources */,
				7D6C3952262890E300AD5A8A /* AppDelegate.swift in Sources */,
			);
			runOnlyForDeploymentPostprocessing = 0;
		};
/* End PBXSourcesBuildPhase section */

/* Begin PBXVariantGroup section */
		7D6C3957262890E300AD5A8A /* Main.storyboard */ = {
			isa = PBXVariantGroup;
			children = (
				7D6C3958262890E300AD5A8A /* Base */,
			);
			name = Main.storyboard;
			sourceTree = "<group>";
		};
		7D6C395C262890EB00AD5A8A /* LaunchScreen.storyboard */ = {
			isa = PBXVariantGroup;
			children = (
				7D6C395D262890EB00AD5A8A /* Base */,
			);
			name = LaunchScreen.storyboard;
			sourceTree = "<group>";
		};
/* End PBXVariantGroup section */

/* Begin XCBuildConfiguration section */
		7D6C3960262890EB00AD5A8A /* Debug */ = {
			isa = XCBuildConfiguration;
			buildSettings = {
				ALWAYS_SEARCH_USER_PATHS = NO;
				CLANG_ANALYZER_NONNULL = YES;
				CLANG_ANALYZER_NUMBER_OBJECT_CONVERSION = YES_AGGRESSIVE;
				CLANG_CXX_LANGUAGE_STANDARD = "gnu++14";
				CLANG_CXX_LIBRARY = "libc++";
				CLANG_ENABLE_MODULES = YES;
				CLANG_ENABLE_OBJC_ARC = YES;
				CLANG_ENABLE_OBJC_WEAK = YES;
				CLANG_WARN_BLOCK_CAPTURE_AUTORELEASING = YES;
				CLANG_WARN_BOOL_CONVERSION = YES;
				CLANG_WARN_COMMA = YES;
				CLANG_WARN_CONSTANT_CONVERSION = YES;
				CLANG_WARN_DEPRECATED_OBJC_IMPLEMENTATIONS = YES;
				CLANG_WARN_DIRECT_OBJC_ISA_USAGE = YES_ERROR;
				CLANG_WARN_DOCUMENTATION_COMMENTS = YES;
				CLANG_WARN_EMPTY_BODY = YES;
				CLANG_WARN_ENUM_CONVERSION = YES;
				CLANG_WARN_INFINITE_RECURSION = YES;
				CLANG_WARN_INT_CONVERSION = YES;
				CLANG_WARN_NON_LITERAL_NULL_CONVERSION = YES;
				CLANG_WARN_OBJC_IMPLICIT_RETAIN_SELF = YES;
				CLANG_WARN_OBJC_LITERAL_CONVERSION = YES;
				CLANG_WARN_OBJC_ROOT_CLASS = YES_ERROR;
				CLANG_WARN_QUOTED_INCLUDE_IN_FRAMEWORK_HEADER = YES;
				CLANG_WARN_RANGE_LOOP_ANALYSIS = YES;
				CLANG_WARN_STRICT_PROTOTYPES = YES;
				CLANG_WARN_SUSPICIOUS_MOVE = YES;
				CLANG_WARN_UNGUARDED_AVAILABILITY = YES_AGGRESSIVE;
				CLANG_WARN_UNREACHABLE_CODE = YES;
				CLANG_WARN__DUPLICATE_METHOD_MATCH = YES;
				COPY_PHASE_STRIP = NO;
				DEBUG_INFORMATION_FORMAT = dwarf;
				ENABLE_STRICT_OBJC_MSGSEND = YES;
				ENABLE_TESTABILITY = YES;
				GCC_C_LANGUAGE_STANDARD = gnu11;
				GCC_DYNAMIC_NO_PIC = NO;
				GCC_NO_COMMON_BLOCKS = YES;
				GCC_OPTIMIZATION_LEVEL = 0;
				GCC_PREPROCESSOR_DEFINITIONS = (
					"DEBUG=1",
					"$(inherited)",
				);
				GCC_WARN_64_TO_32_BIT_CONVERSION = YES;
				GCC_WARN_ABOUT_RETURN_TYPE = YES_ERROR;
				GCC_WARN_UNDECLARED_SELECTOR = YES;
				GCC_WARN_UNINITIALIZED_AUTOS = YES_AGGRESSIVE;
				GCC_WARN_UNUSED_FUNCTION = YES;
				GCC_WARN_UNUSED_VARIABLE = YES;
				IPHONEOS_DEPLOYMENT_TARGET = 14.4;
				MTL_ENABLE_DEBUG_INFO = INCLUDE_SOURCE;
				MTL_FAST_MATH = YES;
				ONLY_ACTIVE_ARCH = YES;
				SDKROOT = iphoneos;
				SWIFT_ACTIVE_COMPILATION_CONDITIONS = DEBUG;
				SWIFT_OPTIMIZATION_LEVEL = "-Onone";
			};
			name = Debug;
		};
		7D6C3961262890EB00AD5A8A /* Release */ = {
			isa = XCBuildConfiguration;
			buildSettings = {
				ALWAYS_SEARCH_USER_PATHS = NO;
				CLANG_ANALYZER_NONNULL = YES;
				CLANG_ANALYZER_NUMBER_OBJECT_CONVERSION = YES_AGGRESSIVE;
				CLANG_CXX_LANGUAGE_STANDARD = "gnu++14";
				CLANG_CXX_LIBRARY = "libc++";
				CLANG_ENABLE_MODULES = YES;
				CLANG_ENABLE_OBJC_ARC = YES;
				CLANG_ENABLE_OBJC_WEAK = YES;
				CLANG_WARN_BLOCK_CAPTURE_AUTORELEASING = YES;
				CLANG_WARN_BOOL_CONVERSION = YES;
				CLANG_WARN_COMMA = YES;
				CLANG_WARN_CONSTANT_CONVERSION = YES;
				CLANG_WARN_DEPRECATED_OBJC_IMPLEMENTATIONS = YES;
				CLANG_WARN_DIRECT_OBJC_ISA_USAGE = YES_ERROR;
				CLANG_WARN_DOCUMENTATION_COMMENTS = YES;
				CLANG_WARN_EMPTY_BODY = YES;
				CLANG_WARN_ENUM_CONVERSION = YES;
				CLANG_WARN_INFINITE_RECURSION = YES;
				CLANG_WARN_INT_CONVERSION = YES;
				CLANG_WARN_NON_LITERAL_NULL_CONVERSION = YES;
				CLANG_WARN_OBJC_IMPLICIT_RETAIN_SELF = YES;
				CLANG_WARN_OBJC_LITERAL_CONVERSION = YES;
				CLANG_WARN_OBJC_ROOT_CLASS = YES_ERROR;
				CLANG_WARN_QUOTED_INCLUDE_IN_FRAMEWORK_HEADER = YES;
				CLANG_WARN_RANGE_LOOP_ANALYSIS = YES;
				CLANG_WARN_STRICT_PROTOTYPES = YES;
				CLANG_WARN_SUSPICIOUS_MOVE = YES;
				CLANG_WARN_UNGUARDED_AVAILABILITY = YES_AGGRESSIVE;
				CLANG_WARN_UNREACHABLE_CODE = YES;
				CLANG_WARN__DUPLICATE_METHOD_MATCH = YES;
				COPY_PHASE_STRIP = NO;
				DEBUG_INFORMATION_FORMAT = "dwarf-with-dsym";
				ENABLE_NS_ASSERTIONS = NO;
				ENABLE_STRICT_OBJC_MSGSEND = YES;
				GCC_C_LANGUAGE_STANDARD = gnu11;
				GCC_NO_COMMON_BLOCKS = YES;
				GCC_WARN_64_TO_32_BIT_CONVERSION = YES;
				GCC_WARN_ABOUT_RETURN_TYPE = YES_ERROR;
				GCC_WARN_UNDECLARED_SELECTOR = YES;
				GCC_WARN_UNINITIALIZED_AUTOS = YES_AGGRESSIVE;
				GCC_WARN_UNUSED_FUNCTION = YES;
				GCC_WARN_UNUSED_VARIABLE = YES;
				IPHONEOS_DEPLOYMENT_TARGET = 14.4;
				MTL_ENABLE_DEBUG_INFO = NO;
				MTL_FAST_MATH = YES;
				SDKROOT = iphoneos;
				SWIFT_COMPILATION_MODE = wholemodule;
				SWIFT_OPTIMIZATION_LEVEL = "-O";
				VALIDATE_PRODUCT = YES;
			};
			name = Release;
		};
		7D6C3963262890EB00AD5A8A /* Debug */ = {
			isa = XCBuildConfiguration;
			buildSettings = {
				ASSETCATALOG_COMPILER_APPICON_NAME = AppIcon;
				ASSETCATALOG_COMPILER_GLOBAL_ACCENT_COLOR_NAME = AccentColor;
				CODE_SIGN_STYLE = Automatic;
				DEVELOPMENT_TEAM = 28KD37WDEK;
				INFOPLIST_FILE = InxKit/Info.plist;
				IPHONEOS_DEPLOYMENT_TARGET = 10.0;
				LD_RUNPATH_SEARCH_PATHS = (
					"$(inherited)",
					"@executable_path/Frameworks",
				);
				PRODUCT_BUNDLE_IDENTIFIER = com.personal.hang.InxKit;
				PRODUCT_NAME = "$(TARGET_NAME)";
				SWIFT_VERSION = 5.0;
				TARGETED_DEVICE_FAMILY = "1,2";
			};
			name = Debug;
		};
		7D6C3964262890EB00AD5A8A /* Release */ = {
			isa = XCBuildConfiguration;
			buildSettings = {
				ASSETCATALOG_COMPILER_APPICON_NAME = AppIcon;
				ASSETCATALOG_COMPILER_GLOBAL_ACCENT_COLOR_NAME = AccentColor;
				CODE_SIGN_STYLE = Automatic;
				DEVELOPMENT_TEAM = 28KD37WDEK;
				INFOPLIST_FILE = InxKit/Info.plist;
				IPHONEOS_DEPLOYMENT_TARGET = 10.0;
				LD_RUNPATH_SEARCH_PATHS = (
					"$(inherited)",
					"@executable_path/Frameworks",
				);
				PRODUCT_BUNDLE_IDENTIFIER = com.personal.hang.InxKit;
				PRODUCT_NAME = "$(TARGET_NAME)";
				SWIFT_VERSION = 5.0;
				TARGETED_DEVICE_FAMILY = "1,2";
			};
			name = Release;
		};
/* End XCBuildConfiguration section */

/* Begin XCConfigurationList section */
		7D6C3949262890E300AD5A8A /* Build configuration list for PBXProject "InxKit" */ = {
			isa = XCConfigurationList;
			buildConfigurations = (
				7D6C3960262890EB00AD5A8A /* Debug */,
				7D6C3961262890EB00AD5A8A /* Release */,
			);
			defaultConfigurationIsVisible = 0;
			defaultConfigurationName = Release;
		};
		7D6C3962262890EB00AD5A8A /* Build configuration list for PBXNativeTarget "InxKit" */ = {
			isa = XCConfigurationList;
			buildConfigurations = (
				7D6C3963262890EB00AD5A8A /* Debug */,
				7D6C3964262890EB00AD5A8A /* Release */,
			);
			defaultConfigurationIsVisible = 0;
			defaultConfigurationName = Release;
		};
/* End XCConfigurationList section */
	};
	rootObject = 7D6C3946262890E300AD5A8A /* Project object */;
}
